// !$*UTF8*$!
{
	archiveVersion = 1;
	classes = {
	};
	objectVersion = 46;
	objects = {

/* Begin PBXBuildFile section */
		4C74A5F91EB3358100EF1D1B /* AppDelegate.swift in Sources */ = {isa = PBXBuildFile; fileRef = 4C74A5F81EB3358100EF1D1B /* AppDelegate.swift */; };
		4C74A5FB1EB3358100EF1D1B /* ViewController.swift in Sources */ = {isa = PBXBuildFile; fileRef = 4C74A5FA1EB3358100EF1D1B /* ViewController.swift */; };
		4C74A5FE1EB3358100EF1D1B /* Main.storyboard in Resources */ = {isa = PBXBuildFile; fileRef = 4C74A5FC1EB3358100EF1D1B /* Main.storyboard */; };
		4C74A6001EB3358100EF1D1B /* Assets.xcassets in Resources */ = {isa = PBXBuildFile; fileRef = 4C74A5FF1EB3358100EF1D1B /* Assets.xcassets */; };
		4C74A6031EB3358100EF1D1B /* LaunchScreen.storyboard in Resources */ = {isa = PBXBuildFile; fileRef = 4C74A6011EB3358100EF1D1B /* LaunchScreen.storyboard */; };
/* End PBXBuildFile section */

/* Begin PBXFileReference section */
		4C74A5F51EB3358100EF1D1B /* PageScroll.app */ = {isa = PBXFileReference; explicitFileType = wrapper.application; includeInIndex = 0; path = PageScroll.app; sourceTree = BUILT_PRODUCTS_DIR; };
		4C74A5F81EB3358100EF1D1B /* AppDelegate.swift */ = {isa = PBXFileReference; lastKnownFileType = sourcecode.swift; path = AppDelegate.swift; sourceTree = "<group>"; };
		4C74A5FA1EB3358100EF1D1B /* ViewController.swift */ = {isa = PBXFileReference; lastKnownFileType = sourcecode.swift; path = ViewController.swift; sourceTree = "<group>"; };
		4C74A5FD1EB3358100EF1D1B /* Base */ = {isa = PBXFileReference; lastKnownFileType = file.storyboard; name = Base; path = Base.lproj/Main.storyboard; sourceTree = "<group>"; };
		4C74A5FF1EB3358100EF1D1B /* Assets.xcassets */ = {isa = PBXFileReference; lastKnownFileType = folder.assetcatalog; path = Assets.xcassets; sourceTree = "<group>"; };
		4C74A6021EB3358100EF1D1B /* Base */ = {isa = PBXFileReference; lastKnownFileType = file.storyboard; name = Base; path = Base.lproj/LaunchScreen.storyboard; sourceTree = "<group>"; };
		4C74A6041EB3358100EF1D1B /* Info.plist */ = {isa = PBXFileReference; lastKnownFileType = text.plist.xml; path = Info.plist; sourceTree = "<group>"; };
/* End PBXFileReference section */

/* Begin PBXFrameworksBuildPhase section */
		4C74A5F21EB3358100EF1D1B /* Frameworks */ = {
			isa = PBXFrameworksBuildPhase;
			buildActionMask = 2147483647;
			files = (
			);
			runOnlyForDeploymentPostprocessing = 0;
		};
/* End PBXFrameworksBuildPhase section */

/* Begin PBXGroup section */
		4C74A5EC1EB3358100EF1D1B = {
			isa = PBXGroup;
			children = (
				4C74A5F71EB3358100EF1D1B /* PageScroll */,
				4C74A5F61EB3358100EF1D1B /* Products */,
			);
			sourceTree = "<group>";
		};
		4C74A5F61EB3358100EF1D1B /* Products */ = {
			isa = PBXGroup;
			children = (
				4C74A5F51EB3358100EF1D1B /* PageScroll.app */,
			);
			name = Products;
			sourceTree = "<group>";
		};
		4C74A5F71EB3358100EF1D1B /* PageScroll */ = {
			isa = PBXGroup;
			children = (
				4C74A5F81EB3358100EF1D1B /* AppDelegate.swift */,
				4C74A5FA1EB3358100EF1D1B /* ViewController.swift */,
				4C74A5FC1EB3358100EF1D1B /* Main.storyboard */,
				4C74A5FF1EB3358100EF1D1B /* Assets.xcassets */,
				4C74A6011EB3358100EF1D1B /* LaunchScreen.storyboard */,
				4C74A6041EB3358100EF1D1B /* Info.plist */,
			);
			path = PageScroll;
			sourceTree = "<group>";
		};
/* End PBXGroup section */

/* Begin PBXNativeTarget section */
		4C74A5F41EB3358100EF1D1B /* PageScroll */ = {
			isa = PBXNativeTarget;
			buildConfigurationList = 4C74A6071EB3358100EF1D1B /* Build configuration list for PBXNativeTarget "PageScroll" */;
			buildPhases = (
				4C74A5F11EB3358100EF1D1B /* Sources */,
				4C74A5F21EB3358100EF1D1B /* Frameworks */,
				4C74A5F31EB3358100EF1D1B /* Resources */,
			);
			buildRules = (
			);
			dependencies = (
			);
			name = PageScroll;
			productName = PageScroll;
			productReference = 4C74A5F51EB3358100EF1D1B /* PageScroll.app */;
			productType = "com.apple.product-type.application";
		};
/* End PBXNativeTarget section */

/* Begin PBXProject section */
		4C74A5ED1EB3358100EF1D1B /* Project object */ = {
			isa = PBXProject;
			attributes = {
				LastSwiftUpdateCheck = 0830;
				LastUpgradeCheck = 0830;
				ORGANIZATIONNAME = "Nikolay Kolesnikov";
				TargetAttributes = {
					4C74A5F41EB3358100EF1D1B = {
						CreatedOnToolsVersion = 8.3.2;
						DevelopmentTeam = 8SH8NY37S7;
						ProvisioningStyle = Automatic;
					};
				};
			};
			buildConfigurationList = 4C74A5F01EB3358100EF1D1B /* Build configuration list for PBXProject "PageScroll" */;
			compatibilityVersion = "Xcode 3.2";
			developmentRegion = English;
			hasScannedForEncodings = 0;
			knownRegions = (
				en,
				Base,
			);
			mainGroup = 4C74A5EC1EB3358100EF1D1B;
			productRefGroup = 4C74A5F61EB3358100EF1D1B /* Products */;
			projectDirPath = "";
			projectRoot = "";
			targets = (
				4C74A5F41EB3358100EF1D1B /* PageScroll */,
			);
		};
/* End PBXProject section */

/* Begin PBXResourcesBuildPhase section */
		4C74A5F31EB3358100EF1D1B /* Resources */ = {
			isa = PBXResourcesBuildPhase;
			buildActionMask = 2147483647;
			files = (
				4C74A6031EB3358100EF1D1B /* LaunchScreen.storyboard in Resources */,
				4C74A6001EB3358100EF1D1B /* Assets.xcassets in Resources */,
				4C74A5FE1EB3358100EF1D1B /* Main.storyboard in Resources */,
			);
			runOnlyForDeploymentPostprocessing = 0;
		};
/* End PBXResourcesBuildPhase section */

/* Begin PBXSourcesBuildPhase section */
		4C74A5F11EB3358100EF1D1B /* Sources */ = {
			isa = PBXSourcesBuildPhase;
			buildActionMask = 2147483647;
			files = (
				4C74A5FB1EB3358100EF1D1B /* ViewController.swift in Sources */,
				4C74A5F91EB3358100EF1D1B /* AppDelegate.swift in Sources */,
			);
			runOnlyForDeploymentPostprocessing = 0;
		};
/* End PBXSourcesBuildPhase section */

/* Begin PBXVariantGroup section */
		4C74A5FC1EB3358100EF1D1B /* Main.storyboard */ = {
			isa = PBXVariantGroup;
			children = (
				4C74A5FD1EB3358100EF1D1B /* Base */,
			);
			name = Main.storyboard;
			sourceTree = "<group>";
		};
		4C74A6011EB3358100EF1D1B /* LaunchScreen.storyboard */ = {
			isa = PBXVariantGroup;
			children = (
				4C74A6021EB3358100EF1D1B /* Base */,
			);
			name = LaunchScreen.storyboard;
			sourceTree = "<group>";
		};
/* End PBXVariantGroup section */

/* Begin XCBuildConfiguration section */
		4C74A6051EB3358100EF1D1B /* Debug */ = {
			isa = XCBuildConfiguration;
			buildSettings = {
				ALWAYS_SEARCH_USER_PATHS = NO;
				CLANG_ANALYZER_NONNULL = YES;
				CLANG_ANALYZER_NUMBER_OBJECT_CONVERSION = YES_AGGRESSIVE;
				CLANG_CXX_LANGUAGE_STANDARD = "gnu++0x";
				CLANG_CXX_LIBRARY = "libc++";
				CLANG_ENABLE_MODULES = YES;
				CLANG_ENABLE_OBJC_ARC = YES;
				CLANG_WARN_BOOL_CONVERSION = YES;
				CLANG_WARN_CONSTANT_CONVERSION = YES;
				CLANG_WARN_DIRECT_OBJC_ISA_USAGE = YES_ERROR;
				CLANG_WARN_DOCUMENTATION_COMMENTS = YES;
				CLANG_WARN_EMPTY_BODY = YES;
				CLANG_WARN_ENUM_CONVERSION = YES;
				CLANG_WARN_INFINITE_RECURSION = YES;
				CLANG_WARN_INT_CONVERSION = YES;
				CLANG_WARN_OBJC_ROOT_CLASS = YES_ERROR;
				CLANG_WARN_SUSPICIOUS_MOVE = YES;
				CLANG_WARN_UNREACHABLE_CODE = YES;
				CLANG_WARN__DUPLICATE_METHOD_MATCH = YES;
				"CODE_SIGN_IDENTITY[sdk=iphoneos*]" = "iPhone Developer";
				COPY_PHASE_STRIP = NO;
				DEBUG_INFORMATION_FORMAT = dwarf;
				ENABLE_STRICT_OBJC_MSGSEND = YES;
				ENABLE_TESTABILITY = YES;
				GCC_C_LANGUAGE_STANDARD = gnu99;
				GCC_DYNAMIC_NO_PIC = NO;
				GCC_NO_COMMON_BLOCKS = YES;
				GCC_OPTIMIZATION_LEVEL = 0;
				GCC_PREPROCESSOR_DEFINITIONS = (
					"DEBUG=1",
					"$(inherited)",
				);
				GCC_WARN_64_TO_32_BIT_CONVERSION = YES;
				GCC_WARN_ABOUT_RETURN_TYPE = YES_ERROR;
				GCC_WARN_UNDECLARED_SELECTOR = YES;
				GCC_WARN_UNINITIALIZED_AUTOS = YES_AGGRESSIVE;
				GCC_WARN_UNUSED_FUNCTION = YES;
				GCC_WARN_UNUSED_VARIABLE = YES;
				IPHONEOS_DEPLOYMENT_TARGET = 10.3;
				MTL_ENABLE_DEBUG_INFO = YES;
				ONLY_ACTIVE_ARCH = YES;
				SDKROOT = iphoneos;
				SWIFT_ACTIVE_COMPILATION_CONDITIONS = DEBUG;
				SWIFT_OPTIMIZATION_LEVEL = "-Onone";
				TARGETED_DEVICE_FAMILY = "1,2";
			};
			name = Debug;
		};
		4C74A6061EB3358100EF1D1B /* Release */ = {
			isa = XCBuildConfiguration;
			buildSettings = {
				ALWAYS_SEARCH_USER_PATHS = NO;
				CLANG_ANALYZER_NONNULL = YES;
				CLANG_ANALYZER_NUMBER_OBJECT_CONVERSION = YES_AGGRESSIVE;
				CLANG_CXX_LANGUAGE_STANDARD = "gnu++0x";
				CLANG_CXX_LIBRARY = "libc++";
				CLANG_ENABLE_MODULES = YES;
				CLANG_ENABLE_OBJC_ARC = YES;
				CLANG_WARN_BOOL_CONVERSION = YES;
				CLANG_WARN_CONSTANT_CONVERSION = YES;
				CLANG_WARN_DIRECT_OBJC_ISA_USAGE = YES_ERROR;
				CLANG_WARN_DOCUMENTATION_COMMENTS = YES;
				CLANG_WARN_EMPTY_BODY = YES;
				CLANG_WARN_ENUM_CONVERSION = YES;
				CLANG_WARN_INFINITE_RECURSION = YES;
				CLANG_WARN_INT_CONVERSION = YES;
				CLANG_WARN_OBJC_ROOT_CLASS = YES_ERROR;
				CLANG_WARN_SUSPICIOUS_MOVE = YES;
				CLANG_WARN_UNREACHABLE_CODE = YES;
				CLANG_WARN__DUPLICATE_METHOD_MATCH = YES;
				"CODE_SIGN_IDENTITY[sdk=iphoneos*]" = "iPhone Developer";
				COPY_PHASE_STRIP = NO;
				DEBUG_INFORMATION_FORMAT = "dwarf-with-dsym";
				ENABLE_NS_ASSERTIONS = NO;
				ENABLE_STRICT_OBJC_MSGSEND = YES;
				GCC_C_LANGUAGE_STANDARD = gnu99;
				GCC_NO_COMMON_BLOCKS = YES;
				GCC_WARN_64_TO_32_BIT_CONVERSION = YES;
				GCC_WARN_ABOUT_RETURN_TYPE = YES_ERROR;
				GCC_WARN_UNDECLARED_SELECTOR = YES;
				GCC_WARN_UNINITIALIZED_AUTOS = YES_AGGRESSIVE;
				GCC_WARN_UNUSED_FUNCTION = YES;
				GCC_WARN_UNUSED_VARIABLE = YES;
				IPHONEOS_DEPLOYMENT_TARGET = 10.3;
				MTL_ENABLE_DEBUG_INFO = NO;
				SDKROOT = iphoneos;
				SWIFT_OPTIMIZATION_LEVEL = "-Owholemodule";
				TARGETED_DEVICE_FAMILY = "1,2";
				VALIDATE_PRODUCT = YES;
			};
			name = Release;
		};
		4C74A6081EB3358100EF1D1B /* Debug */ = {
			isa = XCBuildConfiguration;
			buildSettings = {
				ASSETCATALOG_COMPILER_APPICON_NAME = AppIcon;
				DEVELOPMENT_TEAM = 8SH8NY37S7;
				INFOPLIST_FILE = PageScroll/Info.plist;
				LD_RUNPATH_SEARCH_PATHS = "$(inherited) @executable_path/Frameworks";
				PRODUCT_BUNDLE_IDENTIFIER = net.nkpro.PageScroll;
				PRODUCT_NAME = "$(TARGET_NAME)";
				SWIFT_VERSION = 3.0;
			};
			name = Debug;
		};
		4C74A6091EB3358100EF1D1B /* Release */ = {
			isa = XCBuildConfiguration;
			buildSettings = {
				ASSETCATALOG_COMPILER_APPICON_NAME = AppIcon;
				DEVELOPMENT_TEAM = 8SH8NY37S7;
				INFOPLIST_FILE = PageScroll/Info.plist;
				LD_RUNPATH_SEARCH_PATHS = "$(inherited) @executable_path/Frameworks";
				PRODUCT_BUNDLE_IDENTIFIER = net.nkpro.PageScroll;
				PRODUCT_NAME = "$(TARGET_NAME)";
				SWIFT_VERSION = 3.0;
			};
			name = Release;
		};
/* End XCBuildConfiguration section */

/* Begin XCConfigurationList section */
		4C74A5F01EB3358100EF1D1B /* Build configuration list for PBXProject "PageScroll" */ = {
			isa = XCConfigurationList;
			buildConfigurations = (
				4C74A6051EB3358100EF1D1B /* Debug */,
				4C74A6061EB3358100EF1D1B /* Release */,
			);
			defaultConfigurationIsVisible = 0;
			defaultConfigurationName = Release;
		};
		4C74A6071EB3358100EF1D1B /* Build configuration list for PBXNativeTarget "PageScroll" */ = {
			isa = XCConfigurationList;
			buildConfigurations = (
				4C74A6081EB3358100EF1D1B /* Debug */,
				4C74A6091EB3358100EF1D1B /* Release */,
			);
			defaultConfigurationIsVisible = 0;
		};
/* End XCConfigurationList section */
	};
	rootObject = 4C74A5ED1EB3358100EF1D1B /* Project object */;
}
